
Microsoft Visual Studio Solution File, Format Version 12.00
# Visual Studio 15
VisualStudioVersion = 15.0.28307.757
MinimumVisualStudioVersion = 10.0.40219.1
Project("{FAE04EC0-301F-11D3-BF4B-00C04F79EFBC}") = "SingletonPattern", "SingletonPattern\SingletonPattern.csproj", "{A00A261A-D970-4686-ADD6-00D57F6C8776}"
EndProject
Global
	GlobalSection(SolutionConfigurationPlatforms) = preSolution
		Debug|Any CPU = Debug|Any CPU
		Release|Any CPU = Release|Any CPU
	EndGlobalSection
	GlobalSection(ProjectConfigurationPlatforms) = postSolution
		{A00A261A-D970-4686-ADD6-00D57F6C8776}.Debug|Any CPU.ActiveCfg = Debug|Any CPU
		{A00A261A-D970-4686-ADD6-00D57F6C8776}.Debug|Any CPU.Build.0 = Debug|Any CPU
		{A00A261A-D970-4686-ADD6-00D57F6C8776}.Release|Any CPU.ActiveCfg = Release|Any CPU
		{A00A261A-D970-4686-ADD6-00D57F6C8776}.Release|Any CPU.Build.0 = Release|Any CPU
	EndGlobalSection
	GlobalSection(SolutionProperties) = preSolution
		HideSolutionNode = FALSE
	EndGlobalSection
	GlobalSection(ExtensibilityGlobals) = postSolution
		SolutionGuid = {2306CCA7-585B-40A7-AA50-76B1A300095D}
	EndGlobalSection
EndGlobal
